
Microsoft Visual Studio Solution File, Format Version 12.00
# Visual Studio Version 16
VisualStudioVersion = 16.0.31005.135
MinimumVisualStudioVersion = 10.0.40219.1
Project("{2150E333-8FDC-42A3-9474-1A3956D46DE8}") = "Console", "Console", "{9BDE7B11-9898-4EAB-97CE-212D831070C1}"
EndProject
Project("{9A19103F-16F7-4668-BE54-9A1E7A4F7556}") = "StarterIntro", "StarterIntro\StarterIntro.csproj", "{1A2179CE-FBF3-47EA-A19C-FE858BC0B07E}"
EndProject
Project("{9A19103F-16F7-4668-BE54-9A1E7A4F7556}") = "Rewind.LowLevelAPI", "Rewind.LowLevelAPI\Rewind.LowLevelAPI.csproj", "{9585CB16-F5B0-41E4-B7F6-DA5120F9958C}"
EndProject
Project("{9A19103F-16F7-4668-BE54-9A1E7A4F7556}") = "Rewind.DocumentModelAPI", "Rewind.DocumentModelAPI\Rewind.DocumentModelAPI.csproj", "{4CF99E55-1C70-48A4-ADCC-2BEC07569947}"
EndProject
Project("{FAE04EC0-301F-11D3-BF4B-00C04F79EFBC}") = "Rewind.ObjectPersistentModelAPI", "Rewind.ObjectPersistentModelAPI\Rewind.ObjectPersistentModelAPI.csproj", "{517566D7-547C-4504-8922-0A71C45084FA}"
EndProject
Global
	GlobalSection(SolutionConfigurationPlatforms) = preSolution
		Debug|Any CPU = Debug|Any CPU
		Release|Any CPU = Release|Any CPU
	EndGlobalSection
	GlobalSection(ProjectConfigurationPlatforms) = postSolution
		{1A2179CE-FBF3-47EA-A19C-FE858BC0B07E}.Debug|Any CPU.ActiveCfg = Debug|Any CPU
		{1A2179CE-FBF3-47EA-A19C-FE858BC0B07E}.Debug|Any CPU.Build.0 = Debug|Any CPU
		{1A2179CE-FBF3-47EA-A19C-FE858BC0B07E}.Release|Any CPU.ActiveCfg = Release|Any CPU
		{1A2179CE-FBF3-47EA-A19C-FE858BC0B07E}.Release|Any CPU.Build.0 = Release|Any CPU
		{9585CB16-F5B0-41E4-B7F6-DA5120F9958C}.Debug|Any CPU.ActiveCfg = Debug|Any CPU
		{9585CB16-F5B0-41E4-B7F6-DA5120F9958C}.Debug|Any CPU.Build.0 = Debug|Any CPU
		{9585CB16-F5B0-41E4-B7F6-DA5120F9958C}.Release|Any CPU.ActiveCfg = Release|Any CPU
		{9585CB16-F5B0-41E4-B7F6-DA5120F9958C}.Release|Any CPU.Build.0 = Release|Any CPU
		{4CF99E55-1C70-48A4-ADCC-2BEC07569947}.Debug|Any CPU.ActiveCfg = Debug|Any CPU
		{4CF99E55-1C70-48A4-ADCC-2BEC07569947}.Debug|Any CPU.Build.0 = Debug|Any CPU
		{4CF99E55-1C70-48A4-ADCC-2BEC07569947}.Release|Any CPU.ActiveCfg = Release|Any CPU
		{4CF99E55-1C70-48A4-ADCC-2BEC07569947}.Release|Any CPU.Build.0 = Release|Any CPU
		{517566D7-547C-4504-8922-0A71C45084FA}.Debug|Any CPU.ActiveCfg = Debug|Any CPU
		{517566D7-547C-4504-8922-0A71C45084FA}.Debug|Any CPU.Build.0 = Debug|Any CPU
		{517566D7-547C-4504-8922-0A71C45084FA}.Release|Any CPU.ActiveCfg = Release|Any CPU
		{517566D7-547C-4504-8922-0A71C45084FA}.Release|Any CPU.Build.0 = Release|Any CPU
	EndGlobalSection
	GlobalSection(SolutionProperties) = preSolution
		HideSolutionNode = FALSE
	EndGlobalSection
	GlobalSection(NestedProjects) = preSolution
		{1A2179CE-FBF3-47EA-A19C-FE858BC0B07E} = {9BDE7B11-9898-4EAB-97CE-212D831070C1}
		{9585CB16-F5B0-41E4-B7F6-DA5120F9958C} = {9BDE7B11-9898-4EAB-97CE-212D831070C1}
		{4CF99E55-1C70-48A4-ADCC-2BEC07569947} = {9BDE7B11-9898-4EAB-97CE-212D831070C1}
		{517566D7-547C-4504-8922-0A71C45084FA} = {9BDE7B11-9898-4EAB-97CE-212D831070C1}
	EndGlobalSection
	GlobalSection(ExtensibilityGlobals) = postSolution
		SolutionGuid = {D4769217-5BC5-4672-AFBB-A7162442C7D3}
	EndGlobalSection
EndGlobal
